
Microsoft Visual Studio Solution File, Format Version 12.00
# Visual Studio Version 17
VisualStudioVersion = 17.2.32630.192
MinimumVisualStudioVersion = 10.0.40219.1
Project("{9A19103F-16F7-4668-BE54-9A1E7A4F7556}") = "Smartalert.Api", "Api\Smartalert.Api\Smartalert.Api.csproj", "{3DD749A9-ACD7-4592-8C15-637730E7AA3A}"
EndProject
Project("{9A19103F-16F7-4668-BE54-9A1E7A4F7556}") = "Smartalert.Api.Controllers", "Api\Smartalert.Api.Controllers\Smartalert.Api.Controllers.csproj", "{9F2A2507-997E-45CF-A9D0-2AF5A60B262D}"
EndProject
Project("{9A19103F-16F7-4668-BE54-9A1E7A4F7556}") = "Smartalert.Api.Implementation", "Api\Smartalert.Api.Implementation\Smartalert.Api.Implementation.csproj", "{22CC5C74-1337-412D-84C0-A55A50357D71}"
EndProject
Project("{9A19103F-16F7-4668-BE54-9A1E7A4F7556}") = "Smartalert.Api.Interfaces", "Api\Smartalert.Api.Interfaces\Smartalert.Api.Interfaces.csproj", "{7B7A2A9E-8B17-4D07-AC86-107B09267E76}"
EndProject
Project("{9A19103F-16F7-4668-BE54-9A1E7A4F7556}") = "Smartalert.Api.Models", "Api\Smartalert.Api.Models\Smartalert.Api.Models.csproj", "{4EB0FDA2-FD3C-40D2-A0D0-2A5F1FA81F6B}"
EndProject
Project("{9A19103F-16F7-4668-BE54-9A1E7A4F7556}") = "Smartalert.Api.Datacontracts", "Api\Smartalert.Api.Datacontracts\Smartalert.Api.Datacontracts.csproj", "{27D14550-3400-4648-A5E7-5E241C72585F}"
EndProject
Project("{9A19103F-16F7-4668-BE54-9A1E7A4F7556}") = "MySqlConnectionFactory", "Api\MySqlConnectionFactory\MySqlConnectionFactory.csproj", "{23790081-6254-42AB-B0DB-37259F8935C8}"
EndProject
Project("{E53339B2-1760-4266-BCC7-CA923CBCF16C}") = "docker-compose", "docker-compose.dcproj", "{22886347-1558-4AB7-8F28-D070C00B85EA}"
EndProject
Project("{9A19103F-16F7-4668-BE54-9A1E7A4F7556}") = "Encryption", "Api\Encryption\Encryption.csproj", "{C2E31B28-37DE-44FF-B751-94532F374DCB}"
EndProject
Global
	GlobalSection(SolutionConfigurationPlatforms) = preSolution
		Debug|Any CPU = Debug|Any CPU
		Release|Any CPU = Release|Any CPU
	EndGlobalSection
	GlobalSection(ProjectConfigurationPlatforms) = postSolution
		{3DD749A9-ACD7-4592-8C15-637730E7AA3A}.Debug|Any CPU.ActiveCfg = Debug|Any CPU
		{3DD749A9-ACD7-4592-8C15-637730E7AA3A}.Debug|Any CPU.Build.0 = Debug|Any CPU
		{3DD749A9-ACD7-4592-8C15-637730E7AA3A}.Release|Any CPU.ActiveCfg = Release|Any CPU
		{3DD749A9-ACD7-4592-8C15-637730E7AA3A}.Release|Any CPU.Build.0 = Release|Any CPU
		{9F2A2507-997E-45CF-A9D0-2AF5A60B262D}.Debug|Any CPU.ActiveCfg = Debug|Any CPU
		{9F2A2507-997E-45CF-A9D0-2AF5A60B262D}.Debug|Any CPU.Build.0 = Debug|Any CPU
		{9F2A2507-997E-45CF-A9D0-2AF5A60B262D}.Release|Any CPU.ActiveCfg = Release|Any CPU
		{9F2A2507-997E-45CF-A9D0-2AF5A60B262D}.Release|Any CPU.Build.0 = Release|Any CPU
		{22CC5C74-1337-412D-84C0-A55A50357D71}.Debug|Any CPU.ActiveCfg = Debug|Any CPU
		{22CC5C74-1337-412D-84C0-A55A50357D71}.Debug|Any CPU.Build.0 = Debug|Any CPU
		{22CC5C74-1337-412D-84C0-A55A50357D71}.Release|Any CPU.ActiveCfg = Release|Any CPU
		{22CC5C74-1337-412D-84C0-A55A50357D71}.Release|Any CPU.Build.0 = Release|Any CPU
		{7B7A2A9E-8B17-4D07-AC86-107B09267E76}.Debug|Any CPU.ActiveCfg = Debug|Any CPU
		{7B7A2A9E-8B17-4D07-AC86-107B09267E76}.Debug|Any CPU.Build.0 = Debug|Any CPU
		{7B7A2A9E-8B17-4D07-AC86-107B09267E76}.Release|Any CPU.ActiveCfg = Release|Any CPU
		{7B7A2A9E-8B17-4D07-AC86-107B09267E76}.Release|Any CPU.Build.0 = Release|Any CPU
		{4EB0FDA2-FD3C-40D2-A0D0-2A5F1FA81F6B}.Debug|Any CPU.ActiveCfg = Debug|Any CPU
		{4EB0FDA2-FD3C-40D2-A0D0-2A5F1FA81F6B}.Debug|Any CPU.Build.0 = Debug|Any CPU
		{4EB0FDA2-FD3C-40D2-A0D0-2A5F1FA81F6B}.Release|Any CPU.ActiveCfg = Release|Any CPU
		{4EB0FDA2-FD3C-40D2-A0D0-2A5F1FA81F6B}.Release|Any CPU.Build.0 = Release|Any CPU
		{27D14550-3400-4648-A5E7-5E241C72585F}.Debug|Any CPU.ActiveCfg = Debug|Any CPU
		{27D14550-3400-4648-A5E7-5E241C72585F}.Debug|Any CPU.Build.0 = Debug|Any CPU
		{27D14550-3400-4648-A5E7-5E241C72585F}.Release|Any CPU.ActiveCfg = Release|Any CPU
		{27D14550-3400-4648-A5E7-5E241C72585F}.Release|Any CPU.Build.0 = Release|Any CPU
		{23790081-6254-42AB-B0DB-37259F8935C8}.Debug|Any CPU.ActiveCfg = Debug|Any CPU
		{23790081-6254-42AB-B0DB-37259F8935C8}.Debug|Any CPU.Build.0 = Debug|Any CPU
		{23790081-6254-42AB-B0DB-37259F8935C8}.Release|Any CPU.ActiveCfg = Release|Any CPU
		{23790081-6254-42AB-B0DB-37259F8935C8}.Release|Any CPU.Build.0 = Release|Any CPU
		{22886347-1558-4AB7-8F28-D070C00B85EA}.Debug|Any CPU.ActiveCfg = Debug|Any CPU
		{22886347-1558-4AB7-8F28-D070C00B85EA}.Debug|Any CPU.Build.0 = Debug|Any CPU
		{22886347-1558-4AB7-8F28-D070C00B85EA}.Release|Any CPU.ActiveCfg = Release|Any CPU
		{22886347-1558-4AB7-8F28-D070C00B85EA}.Release|Any CPU.Build.0 = Release|Any CPU
		{C2E31B28-37DE-44FF-B751-94532F374DCB}.Debug|Any CPU.ActiveCfg = Debug|Any CPU
		{C2E31B28-37DE-44FF-B751-94532F374DCB}.Debug|Any CPU.Build.0 = Debug|Any CPU
		{C2E31B28-37DE-44FF-B751-94532F374DCB}.Release|Any CPU.ActiveCfg = Release|Any CPU
		{C2E31B28-37DE-44FF-B751-94532F374DCB}.Release|Any CPU.Build.0 = Release|Any CPU
	EndGlobalSection
	GlobalSection(SolutionProperties) = preSolution
		HideSolutionNode = FALSE
	EndGlobalSection
	GlobalSection(ExtensibilityGlobals) = postSolution
		SolutionGuid = {55B6DCC5-4E13-487E-8D71-6AC58A09C804}
	EndGlobalSection
EndGlobal
